<?xml version="1.0" encoding="utf-8"?>
<Project ToolsVersion="4.0" xmlns="http://schemas.microsoft.com/developer/msbuild/2003">
  <ItemGroup>
    <Filter Include="源文件">
      <UniqueIdentifier>{4FC737F1-C7A5-4376-A066-2A32D752A2FF}</UniqueIdentifier>
      <Extensions>cpp;c;cc;cxx;c++;cppm;ixx;def;odl;idl;hpj;bat;asm;asmx</Extensions>
    </Filter>
    <Filter Include="头文件">
      <UniqueIdentifier>{93995380-89BD-4b04-88EB-625FBE52EBFB}</UniqueIdentifier>
      <Extensions>h;hh;hpp;hxx;h++;hm;inl;inc;ipp;xsd</Extensions>
    </Filter>
    <Filter Include="资源文件">
      <UniqueIdentifier>{67DA6AB6-F800-4c08-8B7A-83BB121AAD01}</UniqueIdentifier>
      <Extensions>rc;ico;cur;bmp;dlg;rc2;rct;bin;rgs;gif;jpg;jpeg;jpe;resx;tiff;tif;png;wav;mfcribbon-ms</Extensions>
    </Filter>
    <Filter Include="STUBS">
      <UniqueIdentifier>{6e0546f9-f016-41c1-aa21-d77a768af5ee}</UniqueIdentifier>
    </Filter>
  </ItemGroup>
  <ItemGroup>
    <ClCompile Include="src\STUBS\mpi.c">
      <Filter>STUBS</Filter>
    </ClCompile>
    <ClCompile Include="src\body.cpp">
      <Filter>源文件</Filter>
    </ClCompile>
    <ClCompile Include="src\ensemble.cpp">
      <Filter>源文件</Filter>
    </ClCompile>
    <ClCompile Include="src\error.cpp">
      <Filter>源文件</Filter>
    </ClCompile>
    <ClCompile Include="src\joint.cpp">
      <Filter>源文件</Filter>
    </ClCompile>
    <ClCompile Include="src\joint_ground.cpp">
      <Filter>源文件</Filter>
    </ClCompile>
    <ClCompile Include="src\joint_sphere.cpp">
      <Filter>源文件</Filter>
    </ClCompile>
    <ClCompile Include="src\main.cpp">
      <Filter>源文件</Filter>
    </ClCompile>
    <ClCompile Include="src\memory.cpp">
      <Filter>源文件</Filter>
    </ClCompile>
    <ClCompile Include="src\muse.cpp">
      <Filter>源文件</Filter>
    </ClCompile>
    <ClCompile Include="src\MUSEsystem.cpp">
      <Filter>源文件</Filter>
    </ClCompile>
    <ClCompile Include="src\input.cpp">
      <Filter>源文件</Filter>
    </ClCompile>
    <ClCompile Include="src\run.cpp">
      <Filter>源文件</Filter>
    </ClCompile>
    <ClCompile Include="src\variable.cpp">
      <Filter>源文件</Filter>
    </ClCompile>
    <ClCompile Include="src\random_mars.cpp">
      <Filter>源文件</Filter>
    </ClCompile>
    <ClCompile Include="src\random_park.cpp">
      <Filter>源文件</Filter>
    </ClCompile>
    <ClCompile Include="src\change.cpp">
      <Filter>源文件</Filter>
    </ClCompile>
    <ClCompile Include="src\create.cpp">
      <Filter>源文件</Filter>
    </ClCompile>
    <ClCompile Include="src\output.cpp">
      <Filter>源文件</Filter>
    </ClCompile>
    <ClCompile Include="src\timer.cpp">
      <Filter>源文件</Filter>
    </ClCompile>
    <ClCompile Include="src\joint_fix.cpp">
      <Filter>源文件</Filter>
    </ClCompile>
    <ClCompile Include="src\joint_hinge.cpp">
      <Filter>源文件</Filter>
    </ClCompile>
    <ClCompile Include="src\compute.cpp">
      <Filter>源文件</Filter>
    </ClCompile>
    <ClCompile Include="src\modify.cpp">
      <Filter>源文件</Filter>
    </ClCompile>
    <ClCompile Include="src\compute_body.cpp">
      <Filter>源文件</Filter>
    </ClCompile>
  </ItemGroup>
  <ItemGroup>
    <ClInclude Include="src\STUBS\mpi.h">
      <Filter>STUBS</Filter>
    </ClInclude>
    <ClInclude Include="src\body.h">
      <Filter>头文件</Filter>
    </ClInclude>
    <ClInclude Include="src\ensemble.h">
      <Filter>头文件</Filter>
    </ClInclude>
    <ClInclude Include="src\joint_enums.h">
      <Filter>头文件</Filter>
    </ClInclude>
    <ClInclude Include="src\error.h">
      <Filter>头文件</Filter>
    </ClInclude>
    <ClInclude Include="src\joint.h">
      <Filter>头文件</Filter>
    </ClInclude>
    <ClInclude Include="src\math_extra.h">
      <Filter>头文件</Filter>
    </ClInclude>
    <ClInclude Include="src\memory.h">
      <Filter>头文件</Filter>
    </ClInclude>
    <ClInclude Include="src\muse.h">
      <Filter>头文件</Filter>
    </ClInclude>
    <ClInclude Include="src\MUSEsystem.h">
      <Filter>头文件</Filter>
    </ClInclude>
    <ClInclude Include="src\pointers.h">
      <Filter>头文件</Filter>
    </ClInclude>
    <ClInclude Include="src\version.h">
      <Filter>头文件</Filter>
    </ClInclude>
    <ClInclude Include="src\input.h">
      <Filter>头文件</Filter>
    </ClInclude>
    <ClInclude Include="src\MUSEunistd.h">
      <Filter>头文件</Filter>
    </ClInclude>
    <ClInclude Include="src\style_command.h">
      <Filter>头文件</Filter>
    </ClInclude>
    <ClInclude Include="src\run.h">
      <Filter>头文件</Filter>
    </ClInclude>
    <ClInclude Include="src\variable.h">
      <Filter>头文件</Filter>
    </ClInclude>
    <ClInclude Include="src\random_mars.h">
      <Filter>头文件</Filter>
    </ClInclude>
    <ClInclude Include="src\random_park.h">
      <Filter>头文件</Filter>
    </ClInclude>
    <ClInclude Include="src\change.h">
      <Filter>头文件</Filter>
    </ClInclude>
    <ClInclude Include="src\create.h">
      <Filter>头文件</Filter>
    </ClInclude>
    <ClInclude Include="src\output.h">
      <Filter>头文件</Filter>
    </ClInclude>
    <ClInclude Include="src\timer.h">
      <Filter>头文件</Filter>
    </ClInclude>
    <ClInclude Include="src\compute.h">
      <Filter>头文件</Filter>
    </ClInclude>
    <ClInclude Include="src\modify.h">
      <Filter>头文件</Filter>
    </ClInclude>
    <ClInclude Include="src\style_compute.h">
      <Filter>头文件</Filter>
    </ClInclude>
    <ClInclude Include="src\compute_body.h">
      <Filter>头文件</Filter>
    </ClInclude>
  </ItemGroup>
  <ItemGroup>
    <None Include="README.md">
      <Filter>资源文件</Filter>
    </None>
    <None Include="LICENSE">
      <Filter>资源文件</Filter>
    </None>
  </ItemGroup>
  <ItemGroup>
    <None Include="README.md">
      <Filter>资源文件</Filter>
    </None>
    <None Include="LICENSE">
      <Filter>资源文件</Filter>
    </None>
  </ItemGroup>
</Project>